
Microsoft Visual Studio Solution File, Format Version 12.00
# Visual Studio Version 17
VisualStudioVersion = 17.6.33815.320
MinimumVisualStudioVersion = 10.0.40219.1
Project("{9A19103F-16F7-4668-BE54-9A1E7A4F7556}") = "Monitoring.Api", "Source\Monitoring.Api\Monitoring.Api.csproj", "{B7A92374-F16A-4FFF-A1EA-7BB4733F00B4}"
EndProject
Project("{9A19103F-16F7-4668-BE54-9A1E7A4F7556}") = "Monitoring.Dal", "Source\Monitoring.Dal\Monitoring.Dal.csproj", "{C68B0C60-0396-4CB7-AD41-19E1387BB351}"
EndProject
Project("{9A19103F-16F7-4668-BE54-9A1E7A4F7556}") = "Monitoring.Domain", "Source\Monitoring.Domain\Monitoring.Domain.csproj", "{098EA75A-28CB-4158-992B-C6C6D1C932CC}"
EndProject
Project("{9A19103F-16F7-4668-BE54-9A1E7A4F7556}") = "Monitoring.Shared", "Source\Monitoring.Shared\Monitoring.Shared.csproj", "{C564B50B-DC57-459D-BFD5-EB8E01AF0183}"
EndProject
Project("{FAE04EC0-301F-11D3-BF4B-00C04F79EFBC}") = "Monitoring.Contracts", "Source\Monitoring.Contracts\Monitoring.Contracts.csproj", "{CA87110F-4B4A-4C44-ACF8-75B67582E829}"
EndProject
Global
	GlobalSection(SolutionConfigurationPlatforms) = preSolution
		Debug|Any CPU = Debug|Any CPU
		Release|Any CPU = Release|Any CPU
	EndGlobalSection
	GlobalSection(ProjectConfigurationPlatforms) = postSolution
		{B7A92374-F16A-4FFF-A1EA-7BB4733F00B4}.Debug|Any CPU.ActiveCfg = Debug|Any CPU
		{B7A92374-F16A-4FFF-A1EA-7BB4733F00B4}.Debug|Any CPU.Build.0 = Debug|Any CPU
		{B7A92374-F16A-4FFF-A1EA-7BB4733F00B4}.Release|Any CPU.ActiveCfg = Release|Any CPU
		{B7A92374-F16A-4FFF-A1EA-7BB4733F00B4}.Release|Any CPU.Build.0 = Release|Any CPU
		{C68B0C60-0396-4CB7-AD41-19E1387BB351}.Debug|Any CPU.ActiveCfg = Debug|Any CPU
		{C68B0C60-0396-4CB7-AD41-19E1387BB351}.Debug|Any CPU.Build.0 = Debug|Any CPU
		{C68B0C60-0396-4CB7-AD41-19E1387BB351}.Release|Any CPU.ActiveCfg = Release|Any CPU
		{C68B0C60-0396-4CB7-AD41-19E1387BB351}.Release|Any CPU.Build.0 = Release|Any CPU
		{098EA75A-28CB-4158-992B-C6C6D1C932CC}.Debug|Any CPU.ActiveCfg = Debug|Any CPU
		{098EA75A-28CB-4158-992B-C6C6D1C932CC}.Debug|Any CPU.Build.0 = Debug|Any CPU
		{098EA75A-28CB-4158-992B-C6C6D1C932CC}.Release|Any CPU.ActiveCfg = Release|Any CPU
		{098EA75A-28CB-4158-992B-C6C6D1C932CC}.Release|Any CPU.Build.0 = Release|Any CPU
		{C564B50B-DC57-459D-BFD5-EB8E01AF0183}.Debug|Any CPU.ActiveCfg = Debug|Any CPU
		{C564B50B-DC57-459D-BFD5-EB8E01AF0183}.Debug|Any CPU.Build.0 = Debug|Any CPU
		{C564B50B-DC57-459D-BFD5-EB8E01AF0183}.Release|Any CPU.ActiveCfg = Release|Any CPU
		{C564B50B-DC57-459D-BFD5-EB8E01AF0183}.Release|Any CPU.Build.0 = Release|Any CPU
		{CA87110F-4B4A-4C44-ACF8-75B67582E829}.Debug|Any CPU.ActiveCfg = Debug|Any CPU
		{CA87110F-4B4A-4C44-ACF8-75B67582E829}.Debug|Any CPU.Build.0 = Debug|Any CPU
		{CA87110F-4B4A-4C44-ACF8-75B67582E829}.Release|Any CPU.ActiveCfg = Release|Any CPU
		{CA87110F-4B4A-4C44-ACF8-75B67582E829}.Release|Any CPU.Build.0 = Release|Any CPU
	EndGlobalSection
	GlobalSection(SolutionProperties) = preSolution
		HideSolutionNode = FALSE
	EndGlobalSection
	GlobalSection(ExtensibilityGlobals) = postSolution
		SolutionGuid = {62FC3552-8984-45EB-A383-D58580C0075C}
	EndGlobalSection
EndGlobal
